
Microsoft Visual Studio Solution File, Format Version 12.00
# Visual Studio 15
VisualStudioVersion = 15.0.27130.2010
MinimumVisualStudioVersion = 10.0.40219.1
Project("{FAE04EC0-301F-11D3-BF4B-00C04F79EFBC}") = "Calculadora", "Calculadora\Calculadora.csproj", "{26AF03A4-319B-4F59-A13F-770A551D7701}"
EndProject
Project("{FAE04EC0-301F-11D3-BF4B-00C04F79EFBC}") = "CalculadoraTestMsTest.Test", "CalculadoraTestMsTest.Test\CalculadoraTestMsTest.Test.csproj", "{8B662F65-F1B4-41A4-8B26-5BCFA57E85AD}"
EndProject
Global
	GlobalSection(SolutionConfigurationPlatforms) = preSolution
		Debug|Any CPU = Debug|Any CPU
		Release|Any CPU = Release|Any CPU
	EndGlobalSection
	GlobalSection(ProjectConfigurationPlatforms) = postSolution
		{26AF03A4-319B-4F59-A13F-770A551D7701}.Debug|Any CPU.ActiveCfg = Debug|Any CPU
		{26AF03A4-319B-4F59-A13F-770A551D7701}.Debug|Any CPU.Build.0 = Debug|Any CPU
		{26AF03A4-319B-4F59-A13F-770A551D7701}.Release|Any CPU.ActiveCfg = Release|Any CPU
		{26AF03A4-319B-4F59-A13F-770A551D7701}.Release|Any CPU.Build.0 = Release|Any CPU
		{8B662F65-F1B4-41A4-8B26-5BCFA57E85AD}.Debug|Any CPU.ActiveCfg = Debug|Any CPU
		{8B662F65-F1B4-41A4-8B26-5BCFA57E85AD}.Debug|Any CPU.Build.0 = Debug|Any CPU
		{8B662F65-F1B4-41A4-8B26-5BCFA57E85AD}.Release|Any CPU.ActiveCfg = Release|Any CPU
		{8B662F65-F1B4-41A4-8B26-5BCFA57E85AD}.Release|Any CPU.Build.0 = Release|Any CPU
	EndGlobalSection
	GlobalSection(SolutionProperties) = preSolution
		HideSolutionNode = FALSE
	EndGlobalSection
	GlobalSection(ExtensibilityGlobals) = postSolution
		SolutionGuid = {79222CF0-65C8-4D4A-A619-ABBA0F60241D}
	EndGlobalSection
EndGlobal
